PODS:
  - Flutter (1.0.0)
  - mapbox_maps_flutter (0.4.4):
    - Flutter
    - MapboxMaps (~> 10.13.1)
  - MapboxCommon (23.5.0)
  - MapboxCoreMaps (10.13.1):
    - MapboxCommon (~> 23.5)
  - MapboxMaps (10.13.1):
    - MapboxCommon (= 23.5.0)
    - MapboxCoreMaps (= 10.13.1)
    - MapboxMobileEvents (= 1.0.10)
    - Turf (~> 2.0)
  - MapboxMobileEvents (1.0.10)
  - permission_handler_apple (9.1.1):
    - Flutter
  - Turf (2.6.1)

DEPENDENCIES:
  - Flutter (from `Flutter`)
  - mapbox_maps_flutter (from `.symlinks/plugins/mapbox_maps_flutter/ios`)
  - permission_handler_apple (from `.symlinks/plugins/permission_handler_apple/ios`)

SPEC REPOS:
  trunk:
    - MapboxCommon
    - MapboxCoreMaps
    - MapboxMaps
    - MapboxMobileEvents
    - Turf

EXTERNAL SOURCES:
  Flutter:
    :path: Flutter
  mapbox_maps_flutter:
    :path: ".symlinks/plugins/mapbox_maps_flutter/ios"
  permission_handler_apple:
    :path: ".symlinks/plugins/permission_handler_apple/ios"

SPEC CHECKSUMS:
  Flutter: f04841e97a9d0b0a8025694d0796dd46242b2854
  mapbox_maps_flutter: b7750303639682268cc7f487bfc6f474a456acab
  MapboxCommon: fdf7fd31c90b7b607cd9c63e37797f023c01d860
  MapboxCoreMaps: 24270c7c6b8cb71819fc2f3c549db9620ee4d019
  MapboxMaps: cb76511b98d3b95c74b0771ed105bc69f30ace6b
  MapboxMobileEvents: de50b3a4de180dd129c326e09cd12c8adaaa46d6
  permission_handler_apple: e76247795d700c14ea09e3a2d8855d41ee80a2e6
  Turf: 469ce2c3d22e5e8e4818d5a3b254699a5c89efa4

PODFILE CHECKSUM: 70d9d25280d0dd177a5f637cdb0f0b0b12c6a189

COCOAPODS: 1.12.1
